// !$*UTF8*$!
{
	archiveVersion = 1;
	classes = {
	};
	objectVersion = 51;
	objects = {

/* Begin PBXBuildFile section */
		3853258BD30F3F345F636904 /* Pods_Flix.framework in Frameworks */ = {isa = PBXBuildFile; fileRef = F6CC8B4BCE37C58C4AAA002A /* Pods_Flix.framework */; };
		7206D01B2468EFD6005ADC4F /* Key.swift in Sources */ = {isa = PBXBuildFile; fileRef = 7206D01A2468EFD6005ADC4F /* Key.swift */; };
		725F4DBC220CF4C9008F414D /* MovieCell.swift in Sources */ = {isa = PBXBuildFile; fileRef = 725F4DBB220CF4C9008F414D /* MovieCell.swift */; };
		72665BC22468F6D300949CBB /* ApiKeys.plist in Resources */ = {isa = PBXBuildFile; fileRef = 72665BC12468F6D300949CBB /* ApiKeys.plist */; };
		72A865B222125A85007E483E /* MovieDetailsViewController.swift in Sources */ = {isa = PBXBuildFile; fileRef = 72A865B122125A85007E483E /* MovieDetailsViewController.swift */; };
		72A865B42212715F007E483E /* MovieGridViewController.swift in Sources */ = {isa = PBXBuildFile; fileRef = 72A865B32212715F007E483E /* MovieGridViewController.swift */; };
		72A865B8221276A0007E483E /* MovieGridCell.swift in Sources */ = {isa = PBXBuildFile; fileRef = 72A865B7221276A0007E483E /* MovieGridCell.swift */; };
		72AA48CD2214EF3600D4DFFB /* MovieTrailerViewController.swift in Sources */ = {isa = PBXBuildFile; fileRef = 72AA48CC2214EF3600D4DFFB /* MovieTrailerViewController.swift */; };
		72B8D155220C212800AEC5B0 /* AppDelegate.swift in Sources */ = {isa = PBXBuildFile; fileRef = 72B8D154220C212800AEC5B0 /* AppDelegate.swift */; };
		72B8D15A220C212800AEC5B0 /* Main.storyboard in Resources */ = {isa = PBXBuildFile; fileRef = 72B8D158220C212800AEC5B0 /* Main.storyboard */; };
		72B8D15C220C212900AEC5B0 /* Assets.xcassets in Resources */ = {isa = PBXBuildFile; fileRef = 72B8D15B220C212900AEC5B0 /* Assets.xcassets */; };
		72B8D15F220C212900AEC5B0 /* LaunchScreen.storyboard in Resources */ = {isa = PBXBuildFile; fileRef = 72B8D15D220C212900AEC5B0 /* LaunchScreen.storyboard */; };
		72B8D183220C2FFD00AEC5B0 /* MoviesViewController.swift in Sources */ = {isa = PBXBuildFile; fileRef = 72B8D182220C2FFD00AEC5B0 /* MoviesViewController.swift */; };
/* End PBXBuildFile section */

/* Begin PBXFileReference section */
		6B3AB0E2FF001DB48DE18CE7 /* Pods-FlixTests.debug.xcconfig */ = {isa = PBXFileReference; includeInIndex = 1; lastKnownFileType = text.xcconfig; name = "Pods-FlixTests.debug.xcconfig"; path = "Pods/Target Support Files/Pods-FlixTests/Pods-FlixTests.debug.xcconfig"; sourceTree = "<group>"; };
		6E4E763440D349D4731CD4BE /* Pods-FlixUITests.release.xcconfig */ = {isa = PBXFileReference; includeInIndex = 1; lastKnownFileType = text.xcconfig; name = "Pods-FlixUITests.release.xcconfig"; path = "Pods/Target Support Files/Pods-FlixUITests/Pods-FlixUITests.release.xcconfig"; sourceTree = "<group>"; };
		7206D01A2468EFD6005ADC4F /* Key.swift */ = {isa = PBXFileReference; lastKnownFileType = sourcecode.swift; path = Key.swift; sourceTree = "<group>"; };
		725F4DBB220CF4C9008F414D /* MovieCell.swift */ = {isa = PBXFileReference; lastKnownFileType = sourcecode.swift; path = MovieCell.swift; sourceTree = "<group>"; };
		72665BC12468F6D300949CBB /* ApiKeys.plist */ = {isa = PBXFileReference; fileEncoding = 4; lastKnownFileType = text.plist.xml; path = ApiKeys.plist; sourceTree = "<group>"; };
		72A865B122125A85007E483E /* MovieDetailsViewController.swift */ = {isa = PBXFileReference; lastKnownFileType = sourcecode.swift; path = MovieDetailsViewController.swift; sourceTree = "<group>"; };
		72A865B32212715F007E483E /* MovieGridViewController.swift */ = {isa = PBXFileReference; lastKnownFileType = sourcecode.swift; path = MovieGridViewController.swift; sourceTree = "<group>"; };
		72A865B7221276A0007E483E /* MovieGridCell.swift */ = {isa = PBXFileReference; lastKnownFileType = sourcecode.swift; path = MovieGridCell.swift; sourceTree = "<group>"; };
		72AA48CC2214EF3600D4DFFB /* MovieTrailerViewController.swift */ = {isa = PBXFileReference; lastKnownFileType = sourcecode.swift; path = MovieTrailerViewController.swift; sourceTree = "<group>"; };
		72B8D151220C212800AEC5B0 /* Flix.app */ = {isa = PBXFileReference; explicitFileType = wrapper.application; includeInIndex = 0; path = Flix.app; sourceTree = BUILT_PRODUCTS_DIR; };
		72B8D154220C212800AEC5B0 /* AppDelegate.swift */ = {isa = PBXFileReference; lastKnownFileType = sourcecode.swift; path = AppDelegate.swift; sourceTree = "<group>"; };
		72B8D159220C212800AEC5B0 /* Base */ = {isa = PBXFileReference; lastKnownFileType = file.storyboard; name = Base; path = Base.lproj/Main.storyboard; sourceTree = "<group>"; };
		72B8D15B220C212900AEC5B0 /* Assets.xcassets */ = {isa = PBXFileReference; lastKnownFileType = folder.assetcatalog; path = Assets.xcassets; sourceTree = "<group>"; };
		72B8D15E220C212900AEC5B0 /* Base */ = {isa = PBXFileReference; lastKnownFileType = file.storyboard; name = Base; path = Base.lproj/LaunchScreen.storyboard; sourceTree = "<group>"; };
		72B8D160220C212900AEC5B0 /* Info.plist */ = {isa = PBXFileReference; lastKnownFileType = text.plist.xml; path = Info.plist; sourceTree = "<group>"; };
		72B8D182220C2FFD00AEC5B0 /* MoviesViewController.swift */ = {isa = PBXFileReference; lastKnownFileType = sourcecode.swift; path = MoviesViewController.swift; sourceTree = "<group>"; };
		74B3C9298FE3BA9F3933E89A /* Pods-FlixTests.release.xcconfig */ = {isa = PBXFileReference; includeInIndex = 1; lastKnownFileType = text.xcconfig; name = "Pods-FlixTests.release.xcconfig"; path = "Pods/Target Support Files/Pods-FlixTests/Pods-FlixTests.release.xcconfig"; sourceTree = "<group>"; };
		968B3C0A9E039C748701AD3A /* Pods_FlixUITests.framework */ = {isa = PBXFileReference; explicitFileType = wrapper.framework; includeInIndex = 0; path = Pods_FlixUITests.framework; sourceTree = BUILT_PRODUCTS_DIR; };
		9E8E1511E763FC26F952CC4D /* Pods-Flix.debug.xcconfig */ = {isa = PBXFileReference; includeInIndex = 1; lastKnownFileType = text.xcconfig; name = "Pods-Flix.debug.xcconfig"; path = "Pods/Target Support Files/Pods-Flix/Pods-Flix.debug.xcconfig"; sourceTree = "<group>"; };
		A59F301EB4AB8751A4266155 /* Pods-Flix.release.xcconfig */ = {isa = PBXFileReference; includeInIndex = 1; lastKnownFileType = text.xcconfig; name = "Pods-Flix.release.xcconfig"; path = "Pods/Target Support Files/Pods-Flix/Pods-Flix.release.xcconfig"; sourceTree = "<group>"; };
		C665DDA779267CC696192536 /* Pods_FlixTests.framework */ = {isa = PBXFileReference; explicitFileType = wrapper.framework; includeInIndex = 0; path = Pods_FlixTests.framework; sourceTree = BUILT_PRODUCTS_DIR; };
		D7D7DE6B338D491D340796C6 /* Pods-FlixUITests.debug.xcconfig */ = {isa = PBXFileReference; includeInIndex = 1; lastKnownFileType = text.xcconfig; name = "Pods-FlixUITests.debug.xcconfig"; path = "Pods/Target Support Files/Pods-FlixUITests/Pods-FlixUITests.debug.xcconfig"; sourceTree = "<group>"; };
		F6CC8B4BCE37C58C4AAA002A /* Pods_Flix.framework */ = {isa = PBXFileReference; explicitFileType = wrapper.framework; includeInIndex = 0; path = Pods_Flix.framework; sourceTree = BUILT_PRODUCTS_DIR; };
/* End PBXFileReference section */

/* Begin PBXFrameworksBuildPhase section */
		72B8D14E220C212800AEC5B0 /* Frameworks */ = {
			isa = PBXFrameworksBuildPhase;
			buildActionMask = 2147483647;
			files = (
				3853258BD30F3F345F636904 /* Pods_Flix.framework in Frameworks */,
			);
			runOnlyForDeploymentPostprocessing = 0;
		};
/* End PBXFrameworksBuildPhase section */

/* Begin PBXGroup section */
		4BC67865D2FA3F8521F67015 /* Frameworks */ = {
			isa = PBXGroup;
			children = (
				F6CC8B4BCE37C58C4AAA002A /* Pods_Flix.framework */,
				C665DDA779267CC696192536 /* Pods_FlixTests.framework */,
				968B3C0A9E039C748701AD3A /* Pods_FlixUITests.framework */,
			);
			name = Frameworks;
			sourceTree = "<group>";
		};
		7206D0152468DF91005ADC4F /* View */ = {
			isa = PBXGroup;
			children = (
				72B8D158220C212800AEC5B0 /* Main.storyboard */,
				72B8D15D220C212900AEC5B0 /* LaunchScreen.storyboard */,
				72B8D15B220C212900AEC5B0 /* Assets.xcassets */,
			);
			path = View;
			sourceTree = "<group>";
		};
		7206D0162468DF9F005ADC4F /* Model */ = {
			isa = PBXGroup;
			children = (
				72C2C0D72214B6DE00068BB3 /* Cells */,
				7206D01A2468EFD6005ADC4F /* Key.swift */,
			);
			path = Model;
			sourceTree = "<group>";
		};
		7206D0172468DFA9005ADC4F /* Controller */ = {
			isa = PBXGroup;
			children = (
				72B8D154220C212800AEC5B0 /* AppDelegate.swift */,
				72A865B122125A85007E483E /* MovieDetailsViewController.swift */,
				72B8D182220C2FFD00AEC5B0 /* MoviesViewController.swift */,
				72A865B32212715F007E483E /* MovieGridViewController.swift */,
				72AA48CC2214EF3600D4DFFB /* MovieTrailerViewController.swift */,
			);
			path = Controller;
			sourceTree = "<group>";
		};
		7206D0182468DFB7005ADC4F /* Supporting Files */ = {
			isa = PBXGroup;
			children = (
				72665BC12468F6D300949CBB /* ApiKeys.plist */,
				72B8D160220C212900AEC5B0 /* Info.plist */,
			);
			path = "Supporting Files";
			sourceTree = "<group>";
		};
		72B8D148220C212800AEC5B0 = {
			isa = PBXGroup;
			children = (
				72B8D153220C212800AEC5B0 /* Flix */,
				72B8D152220C212800AEC5B0 /* Products */,
				E92473C90B64052AF7E2A232 /* Pods */,
				4BC67865D2FA3F8521F67015 /* Frameworks */,
			);
			sourceTree = "<group>";
		};
		72B8D152220C212800AEC5B0 /* Products */ = {
			isa = PBXGroup;
			children = (
				72B8D151220C212800AEC5B0 /* Flix.app */,
			);
			name = Products;
			sourceTree = "<group>";
		};
		72B8D153220C212800AEC5B0 /* Flix */ = {
			isa = PBXGroup;
			children = (
				7206D0172468DFA9005ADC4F /* Controller */,
				7206D0162468DF9F005ADC4F /* Model */,
				7206D0182468DFB7005ADC4F /* Supporting Files */,
				7206D0152468DF91005ADC4F /* View */,
			);
			path = Flix;
			sourceTree = "<group>";
		};
		72C2C0D72214B6DE00068BB3 /* Cells */ = {
			isa = PBXGroup;
			children = (
				725F4DBB220CF4C9008F414D /* MovieCell.swift */,
				72A865B7221276A0007E483E /* MovieGridCell.swift */,
			);
			path = Cells;
			sourceTree = "<group>";
		};
		E92473C90B64052AF7E2A232 /* Pods */ = {
			isa = PBXGroup;
			children = (
				9E8E1511E763FC26F952CC4D /* Pods-Flix.debug.xcconfig */,
				A59F301EB4AB8751A4266155 /* Pods-Flix.release.xcconfig */,
				6B3AB0E2FF001DB48DE18CE7 /* Pods-FlixTests.debug.xcconfig */,
				74B3C9298FE3BA9F3933E89A /* Pods-FlixTests.release.xcconfig */,
				D7D7DE6B338D491D340796C6 /* Pods-FlixUITests.debug.xcconfig */,
				6E4E763440D349D4731CD4BE /* Pods-FlixUITests.release.xcconfig */,
			);
			name = Pods;
			sourceTree = "<group>";
		};
/* End PBXGroup section */

/* Begin PBXNativeTarget section */
		72B8D150220C212800AEC5B0 /* Flix */ = {
			isa = PBXNativeTarget;
			buildConfigurationList = 72B8D179220C212900AEC5B0 /* Build configuration list for PBXNativeTarget "Flix" */;
			buildPhases = (
				7EEC55B5A1317ECD155C8C84 /* [CP] Check Pods Manifest.lock */,
				72B8D14D220C212800AEC5B0 /* Sources */,
				72B8D14E220C212800AEC5B0 /* Frameworks */,
				72B8D14F220C212800AEC5B0 /* Resources */,
				E482D1947FBFFA8414881DB4 /* [CP] Embed Pods Frameworks */,
				7206D0192468E081005ADC4F /* SwiftLint */,
			);
			buildRules = (
			);
			dependencies = (
			);
			name = Flix;
			productName = Flix;
			productReference = 72B8D151220C212800AEC5B0 /* Flix.app */;
			productType = "com.apple.product-type.application";
		};
/* End PBXNativeTarget section */

/* Begin PBXProject section */
		72B8D149220C212800AEC5B0 /* Project object */ = {
			isa = PBXProject;
			attributes = {
				LastSwiftUpdateCheck = 1010;
				LastUpgradeCheck = 1010;
				ORGANIZATIONNAME = "Philip Yu";
				TargetAttributes = {
					72B8D150220C212800AEC5B0 = {
						CreatedOnToolsVersion = 10.1;
						LastSwiftMigration = 1140;
					};
				};
			};
			buildConfigurationList = 72B8D14C220C212800AEC5B0 /* Build configuration list for PBXProject "Flix" */;
			compatibilityVersion = "Xcode 9.3";
			developmentRegion = en;
			hasScannedForEncodings = 0;
			knownRegions = (
				en,
				Base,
			);
			mainGroup = 72B8D148220C212800AEC5B0;
			productRefGroup = 72B8D152220C212800AEC5B0 /* Products */;
			projectDirPath = "";
			projectRoot = "";
			targets = (
				72B8D150220C212800AEC5B0 /* Flix */,
			);
		};
/* End PBXProject section */

/* Begin PBXResourcesBuildPhase section */
		72B8D14F220C212800AEC5B0 /* Resources */ = {
			isa = PBXResourcesBuildPhase;
			buildActionMask = 2147483647;
			files = (
				72B8D15F220C212900AEC5B0 /* LaunchScreen.storyboard in Resources */,
				72665BC22468F6D300949CBB /* ApiKeys.plist in Resources */,
				72B8D15C220C212900AEC5B0 /* Assets.xcassets in Resources */,
				72B8D15A220C212800AEC5B0 /* Main.storyboard in Resources */,
			);
			runOnlyForDeploymentPostprocessing = 0;
		};
/* End PBXResourcesBuildPhase section */

/* Begin PBXShellScriptBuildPhase section */
		7206D0192468E081005ADC4F /* SwiftLint */ = {
			isa = PBXShellScriptBuildPhase;
			buildActionMask = 2147483647;
			files = (
			);
			inputFileListPaths = (
			);
			inputPaths = (
			);
			name = SwiftLint;
			outputFileListPaths = (
			);
			outputPaths = (
			);
			runOnlyForDeploymentPostprocessing = 0;
			shellPath = /bin/sh;
			shellScript = "if which swiftlint >/dev/null; then\n  swiftlint\nelse\n  echo \"warning: SwiftLint not installed, download from https://github.com/realm/SwiftLint\"\nfi\n";
		};
		7EEC55B5A1317ECD155C8C84 /* [CP] Check Pods Manifest.lock */ = {
			isa = PBXShellScriptBuildPhase;
			buildActionMask = 2147483647;
			files = (
			);
			inputFileListPaths = (
			);
			inputPaths = (
				"${PODS_PODFILE_DIR_PATH}/Podfile.lock",
				"${PODS_ROOT}/Manifest.lock",
			);
			name = "[CP] Check Pods Manifest.lock";
			outputFileListPaths = (
			);
			outputPaths = (
				"$(DERIVED_FILE_DIR)/Pods-Flix-checkManifestLockResult.txt",
			);
			runOnlyForDeploymentPostprocessing = 0;
			shellPath = /bin/sh;
			shellScript = "diff \"${PODS_PODFILE_DIR_PATH}/Podfile.lock\" \"${PODS_ROOT}/Manifest.lock\" > /dev/null\nif [ $? != 0 ] ; then\n    # print error to STDERR\n    echo \"error: The sandbox is not in sync with the Podfile.lock. Run 'pod install' or update your CocoaPods installation.\" >&2\n    exit 1\nfi\n# This output is used by Xcode 'outputs' to avoid re-running this script phase.\necho \"SUCCESS\" > \"${SCRIPT_OUTPUT_FILE_0}\"\n";
			showEnvVarsInLog = 0;
		};
		E482D1947FBFFA8414881DB4 /* [CP] Embed Pods Frameworks */ = {
			isa = PBXShellScriptBuildPhase;
			buildActionMask = 2147483647;
			files = (
			);
			inputFileListPaths = (
				"${PODS_ROOT}/Target Support Files/Pods-Flix/Pods-Flix-frameworks-${CONFIGURATION}-input-files.xcfilelist",
			);
			name = "[CP] Embed Pods Frameworks";
			outputFileListPaths = (
				"${PODS_ROOT}/Target Support Files/Pods-Flix/Pods-Flix-frameworks-${CONFIGURATION}-output-files.xcfilelist",
			);
			runOnlyForDeploymentPostprocessing = 0;
			shellPath = /bin/sh;
			shellScript = "\"${PODS_ROOT}/Target Support Files/Pods-Flix/Pods-Flix-frameworks.sh\"\n";
			showEnvVarsInLog = 0;
		};
/* End PBXShellScriptBuildPhase section */

/* Begin PBXSourcesBuildPhase section */
		72B8D14D220C212800AEC5B0 /* Sources */ = {
			isa = PBXSourcesBuildPhase;
			buildActionMask = 2147483647;
			files = (
				72AA48CD2214EF3600D4DFFB /* MovieTrailerViewController.swift in Sources */,
				72A865B42212715F007E483E /* MovieGridViewController.swift in Sources */,
				72A865B222125A85007E483E /* MovieDetailsViewController.swift in Sources */,
				72B8D155220C212800AEC5B0 /* AppDelegate.swift in Sources */,
				725F4DBC220CF4C9008F414D /* MovieCell.swift in Sources */,
				7206D01B2468EFD6005ADC4F /* Key.swift in Sources */,
				72A865B8221276A0007E483E /* MovieGridCell.swift in Sources */,
				72B8D183220C2FFD00AEC5B0 /* MoviesViewController.swift in Sources */,
			);
			runOnlyForDeploymentPostprocessing = 0;
		};
/* End PBXSourcesBuildPhase section */

/* Begin PBXVariantGroup section */
		72B8D158220C212800AEC5B0 /* Main.storyboard */ = {
			isa = PBXVariantGroup;
			children = (
				72B8D159220C212800AEC5B0 /* Base */,
			);
			name = Main.storyboard;
			sourceTree = "<group>";
		};
		72B8D15D220C212900AEC5B0 /* LaunchScreen.storyboard */ = {
			isa = PBXVariantGroup;
			children = (
				72B8D15E220C212900AEC5B0 /* Base */,
			);
			name = LaunchScreen.storyboard;
			sourceTree = "<group>";
		};
/* End PBXVariantGroup section */

/* Begin XCBuildConfiguration section */
		72B8D177220C212900AEC5B0 /* Debug */ = {
			isa = XCBuildConfiguration;
			buildSettings = {
				ALWAYS_SEARCH_USER_PATHS = NO;
				CLANG_ANALYZER_NONNULL = YES;
				CLANG_ANALYZER_NUMBER_OBJECT_CONVERSION = YES_AGGRESSIVE;
				CLANG_CXX_LANGUAGE_STANDARD = "gnu++14";
				CLANG_CXX_LIBRARY = "libc++";
				CLANG_ENABLE_MODULES = YES;
				CLANG_ENABLE_OBJC_ARC = YES;
				CLANG_ENABLE_OBJC_WEAK = YES;
				CLANG_WARN_BLOCK_CAPTURE_AUTORELEASING = YES;
				CLANG_WARN_BOOL_CONVERSION = YES;
				CLANG_WARN_COMMA = YES;
				CLANG_WARN_CONSTANT_CONVERSION = YES;
				CLANG_WARN_DEPRECATED_OBJC_IMPLEMENTATIONS = YES;
				CLANG_WARN_DIRECT_OBJC_ISA_USAGE = YES_ERROR;
				CLANG_WARN_DOCUMENTATION_COMMENTS = YES;
				CLANG_WARN_EMPTY_BODY = YES;
				CLANG_WARN_ENUM_CONVERSION = YES;
				CLANG_WARN_INFINITE_RECURSION = YES;
				CLANG_WARN_INT_CONVERSION = YES;
				CLANG_WARN_NON_LITERAL_NULL_CONVERSION = YES;
				CLANG_WARN_OBJC_IMPLICIT_RETAIN_SELF = YES;
				CLANG_WARN_OBJC_LITERAL_CONVERSION = YES;
				CLANG_WARN_OBJC_ROOT_CLASS = YES_ERROR;
				CLANG_WARN_RANGE_LOOP_ANALYSIS = YES;
				CLANG_WARN_STRICT_PROTOTYPES = YES;
				CLANG_WARN_SUSPICIOUS_MOVE = YES;
				CLANG_WARN_UNGUARDED_AVAILABILITY = YES_AGGRESSIVE;
				CLANG_WARN_UNREACHABLE_CODE = YES;
				CLANG_WARN__DUPLICATE_METHOD_MATCH = YES;
				CODE_SIGN_IDENTITY = "iPhone Developer";
				COPY_PHASE_STRIP = NO;
				DEBUG_INFORMATION_FORMAT = dwarf;
				ENABLE_STRICT_OBJC_MSGSEND = YES;
				ENABLE_TESTABILITY = YES;
				GCC_C_LANGUAGE_STANDARD = gnu11;
				GCC_DYNAMIC_NO_PIC = NO;
				GCC_NO_COMMON_BLOCKS = YES;
				GCC_OPTIMIZATION_LEVEL = 0;
				GCC_PREPROCESSOR_DEFINITIONS = (
					"DEBUG=1",
					"$(inherited)",
				);
				GCC_WARN_64_TO_32_BIT_CONVERSION = YES;
				GCC_WARN_ABOUT_RETURN_TYPE = YES_ERROR;
				GCC_WARN_UNDECLARED_SELECTOR = YES;
				GCC_WARN_UNINITIALIZED_AUTOS = YES_AGGRESSIVE;
				GCC_WARN_UNUSED_FUNCTION = YES;
				GCC_WARN_UNUSED_VARIABLE = YES;
				IPHONEOS_DEPLOYMENT_TARGET = 13.0;
				MTL_ENABLE_DEBUG_INFO = INCLUDE_SOURCE;
				MTL_FAST_MATH = YES;
				ONLY_ACTIVE_ARCH = YES;
				SDKROOT = iphoneos;
				SWIFT_ACTIVE_COMPILATION_CONDITIONS = DEBUG;
				SWIFT_OPTIMIZATION_LEVEL = "-Onone";
			};
			name = Debug;
		};
		72B8D178220C212900AEC5B0 /* Release */ = {
			isa = XCBuildConfiguration;
			buildSettings = {
				ALWAYS_SEARCH_USER_PATHS = NO;
				CLANG_ANALYZER_NONNULL = YES;
				CLANG_ANALYZER_NUMBER_OBJECT_CONVERSION = YES_AGGRESSIVE;
				CLANG_CXX_LANGUAGE_STANDARD = "gnu++14";
				CLANG_CXX_LIBRARY = "libc++";
				CLANG_ENABLE_MODULES = YES;
				CLANG_ENABLE_OBJC_ARC = YES;
				CLANG_ENABLE_OBJC_WEAK = YES;
				CLANG_WARN_BLOCK_CAPTURE_AUTORELEASING = YES;
				CLANG_WARN_BOOL_CONVERSION = YES;
				CLANG_WARN_COMMA = YES;
				CLANG_WARN_CONSTANT_CONVERSION = YES;
				CLANG_WARN_DEPRECATED_OBJC_IMPLEMENTATIONS = YES;
				CLANG_WARN_DIRECT_OBJC_ISA_USAGE = YES_ERROR;
				CLANG_WARN_DOCUMENTATION_COMMENTS = YES;
				CLANG_WARN_EMPTY_BODY = YES;
				CLANG_WARN_ENUM_CONVERSION = YES;
				CLANG_WARN_INFINITE_RECURSION = YES;
				CLANG_WARN_INT_CONVERSION = YES;
				CLANG_WARN_NON_LITERAL_NULL_CONVERSION = YES;
				CLANG_WARN_OBJC_IMPLICIT_RETAIN_SELF = YES;
				CLANG_WARN_OBJC_LITERAL_CONVERSION = YES;
				CLANG_WARN_OBJC_ROOT_CLASS = YES_ERROR;
				CLANG_WARN_RANGE_LOOP_ANALYSIS = YES;
				CLANG_WARN_STRICT_PROTOTYPES = YES;
				CLANG_WARN_SUSPICIOUS_MOVE = YES;
				CLANG_WARN_UNGUARDED_AVAILABILITY = YES_AGGRESSIVE;
				CLANG_WARN_UNREACHABLE_CODE = YES;
				CLANG_WARN__DUPLICATE_METHOD_MATCH = YES;
				CODE_SIGN_IDENTITY = "iPhone Developer";
				COPY_PHASE_STRIP = NO;
				DEBUG_INFORMATION_FORMAT = "dwarf-with-dsym";
				ENABLE_NS_ASSERTIONS = NO;
				ENABLE_STRICT_OBJC_MSGSEND = YES;
				GCC_C_LANGUAGE_STANDARD = gnu11;
				GCC_NO_COMMON_BLOCKS = YES;
				GCC_WARN_64_TO_32_BIT_CONVERSION = YES;
				GCC_WARN_ABOUT_RETURN_TYPE = YES_ERROR;
				GCC_WARN_UNDECLARED_SELECTOR = YES;
				GCC_WARN_UNINITIALIZED_AUTOS = YES_AGGRESSIVE;
				GCC_WARN_UNUSED_FUNCTION = YES;
				GCC_WARN_UNUSED_VARIABLE = YES;
				IPHONEOS_DEPLOYMENT_TARGET = 13.0;
				MTL_ENABLE_DEBUG_INFO = NO;
				MTL_FAST_MATH = YES;
				SDKROOT = iphoneos;
				SWIFT_COMPILATION_MODE = wholemodule;
				SWIFT_OPTIMIZATION_LEVEL = "-O";
				VALIDATE_PRODUCT = YES;
			};
			name = Release;
		};
		72B8D17A220C212900AEC5B0 /* Debug */ = {
			isa = XCBuildConfiguration;
			baseConfigurationReference = 9E8E1511E763FC26F952CC4D /* Pods-Flix.debug.xcconfig */;
			buildSettings = {
				ASSETCATALOG_COMPILER_APPICON_NAME = AppIcon;
				CODE_SIGN_STYLE = Automatic;
				DEVELOPMENT_TEAM = 8E7FB8SA95;
				INFOPLIST_FILE = "Flix/Supporting Files/Info.plist";
				IPHONEOS_DEPLOYMENT_TARGET = 13.0;
				LD_RUNPATH_SEARCH_PATHS = (
					"$(inherited)",
					"@executable_path/Frameworks",
				);
				PRODUCT_BUNDLE_IDENTIFIER = com.yuphilip.Flix;
				PRODUCT_NAME = "$(TARGET_NAME)";
				SWIFT_VERSION = 5.0;
				TARGETED_DEVICE_FAMILY = "1,2";
			};
			name = Debug;
		};
		72B8D17B220C212900AEC5B0 /* Release */ = {
			isa = XCBuildConfiguration;
			baseConfigurationReference = A59F301EB4AB8751A4266155 /* Pods-Flix.release.xcconfig */;
			buildSettings = {
				ASSETCATALOG_COMPILER_APPICON_NAME = AppIcon;
				CODE_SIGN_STYLE = Automatic;
				DEVELOPMENT_TEAM = 8E7FB8SA95;
				INFOPLIST_FILE = "Flix/Supporting Files/Info.plist";
				IPHONEOS_DEPLOYMENT_TARGET = 13.0;
				LD_RUNPATH_SEARCH_PATHS = (
					"$(inherited)",
					"@executable_path/Frameworks",
				);
				PRODUCT_BUNDLE_IDENTIFIER = com.yuphilip.Flix;
				PRODUCT_NAME = "$(TARGET_NAME)";
				SWIFT_VERSION = 5.0;
				TARGETED_DEVICE_FAMILY = "1,2";
			};
			name = Release;
		};
/* End XCBuildConfiguration section */

/* Begin XCConfigurationList section */
		72B8D14C220C212800AEC5B0 /* Build configuration list for PBXProject "Flix" */ = {
			isa = XCConfigurationList;
			buildConfigurations = (
				72B8D177220C212900AEC5B0 /* Debug */,
				72B8D178220C212900AEC5B0 /* Release */,
			);
			defaultConfigurationIsVisible = 0;
			defaultConfigurationName = Release;
		};
		72B8D179220C212900AEC5B0 /* Build configuration list for PBXNativeTarget "Flix" */ = {
			isa = XCConfigurationList;
			buildConfigurations = (
				72B8D17A220C212900AEC5B0 /* Debug */,
				72B8D17B220C212900AEC5B0 /* Release */,
			);
			defaultConfigurationIsVisible = 0;
			defaultConfigurationName = Release;
		};
/* End XCConfigurationList section */
	};
	rootObject = 72B8D149220C212800AEC5B0 /* Project object */;
}
